{
  "name": "yahoo-streaming-application",
  "version": "1.0.0",
  "lockfileVersion": 1,
  "requires": true,
  "dependencies": {
    "disect": {
      "version": "1.1.1",
      "resolved": "https://registry.npmjs.org/disect/-/disect-1.1.1.tgz",
      "integrity": "sha1-srUg+rcgq+2D7BpB9hl59PMYrKc="
    },
    "parser": {
      "version": "0.1.4",
      "resolved": "https://registry.npmjs.org/parser/-/parser-0.1.4.tgz",
      "integrity": "sha1-LUejZs3c9hl9l/Cqkd2Qd9kjvUU=",
      "requires": {
        "tokenizer": "*"
      }
    },
    "tokenizer": {
      "version": "1.1.2",
      "resolved": "https://registry.npmjs.org/tokenizer/-/tokenizer-1.1.2.tgz",
      "integrity": "sha1-AFi9wimv+u0FspMzZ1zPU+rjT10=",
      "requires": {
        "disect": "~1.1.0"
      }
    },
    "xml-formatter": {
      "version": "2.4.0",
      "resolved": "https://registry.npmjs.org/xml-formatter/-/xml-formatter-2.4.0.tgz",
      "integrity": "sha512-xTQ2IfbkCQKn0DGN5SD5KUgTgVohWiolyOXTLUHKJczIuSeGonN0BPduB9VQR5HOEuT1KOHQsOHSmTpU76zpUA==",
      "requires": {
        "xml-parser-xo": "^3.1.1"
      }
    },
    "xml-parser-xo": {
      "version": "3.1.1",
      "resolved": "https://registry.npmjs.org/xml-parser-xo/-/xml-parser-xo-3.1.1.tgz",
      "integrity": "sha512-gq1nDlJxjKQpPPZUhLbJ52pghtlB4Rz6LAQULm3SF6xzOYVnUloBglNhJR9vtZB3vIxMN/R3nZTf3qmun+6GCg=="
    }
  }
}
